
Microsoft Visual Studio Solution File, Format Version 12.00
# Visual Studio 15
VisualStudioVersion = 15.0.26730.16
MinimumVisualStudioVersion = 10.0.40219.1
Project("{8BC9CEB8-8B4A-11D0-8D11-00A0C91BC942}") = "srs", "srs.vcxproj", "{9B62EB05-604E-4764-892A-47A12CC2E68B}"
EndProject
Global
	GlobalSection(SolutionConfigurationPlatforms) = preSolution
		Debug|ARM = Debug|ARM
		Debug|x64 = Debug|x64
		Debug|x86 = Debug|x86
		Release|ARM = Release|ARM
		Release|x64 = Release|x64
		Release|x86 = Release|x86
	EndGlobalSection
	GlobalSection(ProjectConfigurationPlatforms) = postSolution
		{9B62EB05-604E-4764-892A-47A12CC2E68B}.Debug|ARM.ActiveCfg = Debug|ARM
		{9B62EB05-604E-4764-892A-47A12CC2E68B}.Debug|ARM.Build.0 = Debug|ARM
		{9B62EB05-604E-4764-892A-47A12CC2E68B}.Debug|x64.ActiveCfg = Debug|x64
		{9B62EB05-604E-4764-892A-47A12CC2E68B}.Debug|x64.Build.0 = Debug|x64
		{9B62EB05-604E-4764-892A-47A12CC2E68B}.Debug|x86.ActiveCfg = Debug|x86
		{9B62EB05-604E-4764-892A-47A12CC2E68B}.Debug|x86.Build.0 = Debug|x86
		{9B62EB05-604E-4764-892A-47A12CC2E68B}.Release|ARM.ActiveCfg = Release|ARM
		{9B62EB05-604E-4764-892A-47A12CC2E68B}.Release|ARM.Build.0 = Release|ARM
		{9B62EB05-604E-4764-892A-47A12CC2E68B}.Release|x64.ActiveCfg = Release|x64
		{9B62EB05-604E-4764-892A-47A12CC2E68B}.Release|x64.Build.0 = Release|x64
		{9B62EB05-604E-4764-892A-47A12CC2E68B}.Release|x86.ActiveCfg = Release|x86
		{9B62EB05-604E-4764-892A-47A12CC2E68B}.Release|x86.Build.0 = Release|x86
	EndGlobalSection
	GlobalSection(SolutionProperties) = preSolution
		HideSolutionNode = FALSE
	EndGlobalSection
	GlobalSection(ExtensibilityGlobals) = postSolution
		SolutionGuid = {8DC40249-1C69-4679-BCB6-B28C8BDFDF27}
	EndGlobalSection
EndGlobal
